
Microsoft Visual Studio Solution File, Format Version 12.00
# Visual Studio 2013
VisualStudioVersion = 12.0.30110.0
MinimumVisualStudioVersion = 10.0.40219.1
Project("{FAE04EC0-301F-11D3-BF4B-00C04F79EFBC}") = "BasicModelInterface", "BasicModelInterface\BasicModelInterface.csproj", "{B973019E-5674-4E23-9B1E-C4CA5EAC381B}"
	ProjectSection(ProjectDependencies) = postProject
		{D75DD765-22A6-45C5-A7BB-82FA781EA52E} = {D75DD765-22A6-45C5-A7BB-82FA781EA52E}
	EndProjectSection
EndProject
Project("{FAE04EC0-301F-11D3-BF4B-00C04F79EFBC}") = "BasicModelInterface.Tests", "BasicModelInterface.Tests\BasicModelInterface.Tests.csproj", "{F1E48563-E22D-4EB1-BE86-EB3C37FCF0E1}"
EndProject
Project("{8BC9CEB8-8B4A-11D0-8D11-00A0C91BC942}") = "SampleCppLibrary", "SampleNativeLibraries\SampleCppLibrary\SampleCppLibrary.vcxproj", "{D75DD765-22A6-45C5-A7BB-82FA781EA52E}"
EndProject
Project("{2150E333-8FDC-42A3-9474-1A3956D46DE8}") = "SampleNativeLibraries", "SampleNativeLibraries", "{576462E5-8855-49AD-8898-EE0A162F4062}"
EndProject
Project("{FAE04EC0-301F-11D3-BF4B-00C04F79EFBC}") = "BasicModelInterfaceRunner", "BasicModelInterfaceRunner\BasicModelInterfaceRunner.csproj", "{66272C15-6BF1-4A88-BFDE-4F7CB8773428}"
EndProject
Global
	GlobalSection(SolutionConfigurationPlatforms) = preSolution
		Debug|Any CPU = Debug|Any CPU
		Debug|Mixed Platforms = Debug|Mixed Platforms
		Debug|Win32 = Debug|Win32
		Release|Any CPU = Release|Any CPU
		Release|Mixed Platforms = Release|Mixed Platforms
		Release|Win32 = Release|Win32
	EndGlobalSection
	GlobalSection(ProjectConfigurationPlatforms) = postSolution
		{B973019E-5674-4E23-9B1E-C4CA5EAC381B}.Debug|Any CPU.ActiveCfg = Debug|Any CPU
		{B973019E-5674-4E23-9B1E-C4CA5EAC381B}.Debug|Any CPU.Build.0 = Debug|Any CPU
		{B973019E-5674-4E23-9B1E-C4CA5EAC381B}.Debug|Mixed Platforms.ActiveCfg = Debug|Any CPU
		{B973019E-5674-4E23-9B1E-C4CA5EAC381B}.Debug|Mixed Platforms.Build.0 = Debug|Any CPU
		{B973019E-5674-4E23-9B1E-C4CA5EAC381B}.Debug|Win32.ActiveCfg = Debug|Any CPU
		{B973019E-5674-4E23-9B1E-C4CA5EAC381B}.Release|Any CPU.ActiveCfg = Release|Any CPU
		{B973019E-5674-4E23-9B1E-C4CA5EAC381B}.Release|Any CPU.Build.0 = Release|Any CPU
		{B973019E-5674-4E23-9B1E-C4CA5EAC381B}.Release|Mixed Platforms.ActiveCfg = Release|Any CPU
		{B973019E-5674-4E23-9B1E-C4CA5EAC381B}.Release|Mixed Platforms.Build.0 = Release|Any CPU
		{B973019E-5674-4E23-9B1E-C4CA5EAC381B}.Release|Win32.ActiveCfg = Release|Any CPU
		{F1E48563-E22D-4EB1-BE86-EB3C37FCF0E1}.Debug|Any CPU.ActiveCfg = Debug|Any CPU
		{F1E48563-E22D-4EB1-BE86-EB3C37FCF0E1}.Debug|Any CPU.Build.0 = Debug|Any CPU
		{F1E48563-E22D-4EB1-BE86-EB3C37FCF0E1}.Debug|Mixed Platforms.ActiveCfg = Debug|Any CPU
		{F1E48563-E22D-4EB1-BE86-EB3C37FCF0E1}.Debug|Mixed Platforms.Build.0 = Debug|Any CPU
		{F1E48563-E22D-4EB1-BE86-EB3C37FCF0E1}.Debug|Win32.ActiveCfg = Debug|Any CPU
		{F1E48563-E22D-4EB1-BE86-EB3C37FCF0E1}.Release|Any CPU.ActiveCfg = Release|Any CPU
		{F1E48563-E22D-4EB1-BE86-EB3C37FCF0E1}.Release|Any CPU.Build.0 = Release|Any CPU
		{F1E48563-E22D-4EB1-BE86-EB3C37FCF0E1}.Release|Mixed Platforms.ActiveCfg = Release|Any CPU
		{F1E48563-E22D-4EB1-BE86-EB3C37FCF0E1}.Release|Mixed Platforms.Build.0 = Release|Any CPU
		{F1E48563-E22D-4EB1-BE86-EB3C37FCF0E1}.Release|Win32.ActiveCfg = Release|Any CPU
		{D75DD765-22A6-45C5-A7BB-82FA781EA52E}.Debug|Any CPU.ActiveCfg = Debug|Win32
		{D75DD765-22A6-45C5-A7BB-82FA781EA52E}.Debug|Mixed Platforms.ActiveCfg = Debug|Win32
		{D75DD765-22A6-45C5-A7BB-82FA781EA52E}.Debug|Mixed Platforms.Build.0 = Debug|Win32
		{D75DD765-22A6-45C5-A7BB-82FA781EA52E}.Debug|Win32.ActiveCfg = Debug|Win32
		{D75DD765-22A6-45C5-A7BB-82FA781EA52E}.Debug|Win32.Build.0 = Debug|Win32
		{D75DD765-22A6-45C5-A7BB-82FA781EA52E}.Release|Any CPU.ActiveCfg = Release|Win32
		{D75DD765-22A6-45C5-A7BB-82FA781EA52E}.Release|Mixed Platforms.ActiveCfg = Release|Win32
		{D75DD765-22A6-45C5-A7BB-82FA781EA52E}.Release|Mixed Platforms.Build.0 = Release|Win32
		{D75DD765-22A6-45C5-A7BB-82FA781EA52E}.Release|Win32.ActiveCfg = Release|Win32
		{D75DD765-22A6-45C5-A7BB-82FA781EA52E}.Release|Win32.Build.0 = Release|Win32
		{66272C15-6BF1-4A88-BFDE-4F7CB8773428}.Debug|Any CPU.ActiveCfg = Debug|Any CPU
		{66272C15-6BF1-4A88-BFDE-4F7CB8773428}.Debug|Any CPU.Build.0 = Debug|Any CPU
		{66272C15-6BF1-4A88-BFDE-4F7CB8773428}.Debug|Mixed Platforms.ActiveCfg = Debug|Any CPU
		{66272C15-6BF1-4A88-BFDE-4F7CB8773428}.Debug|Mixed Platforms.Build.0 = Debug|Any CPU
		{66272C15-6BF1-4A88-BFDE-4F7CB8773428}.Debug|Win32.ActiveCfg = Debug|Any CPU
		{66272C15-6BF1-4A88-BFDE-4F7CB8773428}.Release|Any CPU.ActiveCfg = Release|Any CPU
		{66272C15-6BF1-4A88-BFDE-4F7CB8773428}.Release|Any CPU.Build.0 = Release|Any CPU
		{66272C15-6BF1-4A88-BFDE-4F7CB8773428}.Release|Mixed Platforms.ActiveCfg = Release|Any CPU
		{66272C15-6BF1-4A88-BFDE-4F7CB8773428}.Release|Mixed Platforms.Build.0 = Release|Any CPU
		{66272C15-6BF1-4A88-BFDE-4F7CB8773428}.Release|Win32.ActiveCfg = Release|Any CPU
	EndGlobalSection
	GlobalSection(SolutionProperties) = preSolution
		HideSolutionNode = FALSE
	EndGlobalSection
	GlobalSection(NestedProjects) = preSolution
		{D75DD765-22A6-45C5-A7BB-82FA781EA52E} = {576462E5-8855-49AD-8898-EE0A162F4062}
	EndGlobalSection
EndGlobal
